
Microsoft Visual Studio Solution File, Format Version 12.00
# Visual Studio Version 17
VisualStudioVersion = 17.14.36518.9 d17.14
MinimumVisualStudioVersion = 10.0.40219.1
Project("{54A90642-561A-4BB1-A94E-469ADEE60C69}") = "rfidadmin", "rfidadmin\rfidadmin.esproj", "{19956447-041E-24E4-99B8-1F2AC083DD1A}"
EndProject
Project("{FAE04EC0-301F-11D3-BF4B-00C04F79EFBC}") = "rfidbackend", "rfidbackend\rfidbackend.csproj", "{6F676D4E-E3EB-4671-8F19-65376E7650D0}"
EndProject
Project("{FAE04EC0-301F-11D3-BF4B-00C04F79EFBC}") = "rfidlistenerms", "rfidlistenerms\rfidlistenerms.csproj", "{2620A120-2966-4302-9B17-912A5E451D7D}"
EndProject
Project("{FAE04EC0-301F-11D3-BF4B-00C04F79EFBC}") = "mqttserver", "mqttserver\mqttserver.csproj", "{FBC03A51-36B8-4AD2-B007-36E26FE61AEF}"
EndProject
Global
	GlobalSection(SolutionConfigurationPlatforms) = preSolution
		Debug|Any CPU = Debug|Any CPU
		Release|Any CPU = Release|Any CPU
	EndGlobalSection
	GlobalSection(ProjectConfigurationPlatforms) = postSolution
		{19956447-041E-24E4-99B8-1F2AC083DD1A}.Debug|Any CPU.ActiveCfg = Debug|Any CPU
		{19956447-041E-24E4-99B8-1F2AC083DD1A}.Debug|Any CPU.Build.0 = Debug|Any CPU
		{19956447-041E-24E4-99B8-1F2AC083DD1A}.Debug|Any CPU.Deploy.0 = Debug|Any CPU
		{19956447-041E-24E4-99B8-1F2AC083DD1A}.Release|Any CPU.ActiveCfg = Release|Any CPU
		{19956447-041E-24E4-99B8-1F2AC083DD1A}.Release|Any CPU.Build.0 = Release|Any CPU
		{19956447-041E-24E4-99B8-1F2AC083DD1A}.Release|Any CPU.Deploy.0 = Release|Any CPU
		{6F676D4E-E3EB-4671-8F19-65376E7650D0}.Debug|Any CPU.ActiveCfg = Debug|Any CPU
		{6F676D4E-E3EB-4671-8F19-65376E7650D0}.Debug|Any CPU.Build.0 = Debug|Any CPU
		{6F676D4E-E3EB-4671-8F19-65376E7650D0}.Release|Any CPU.ActiveCfg = Release|Any CPU
		{6F676D4E-E3EB-4671-8F19-65376E7650D0}.Release|Any CPU.Build.0 = Release|Any CPU
		{2620A120-2966-4302-9B17-912A5E451D7D}.Debug|Any CPU.ActiveCfg = Debug|Any CPU
		{2620A120-2966-4302-9B17-912A5E451D7D}.Debug|Any CPU.Build.0 = Debug|Any CPU
		{2620A120-2966-4302-9B17-912A5E451D7D}.Release|Any CPU.ActiveCfg = Release|Any CPU
		{2620A120-2966-4302-9B17-912A5E451D7D}.Release|Any CPU.Build.0 = Release|Any CPU
		{FBC03A51-36B8-4AD2-B007-36E26FE61AEF}.Debug|Any CPU.ActiveCfg = Debug|Any CPU
		{FBC03A51-36B8-4AD2-B007-36E26FE61AEF}.Debug|Any CPU.Build.0 = Debug|Any CPU
		{FBC03A51-36B8-4AD2-B007-36E26FE61AEF}.Release|Any CPU.ActiveCfg = Release|Any CPU
		{FBC03A51-36B8-4AD2-B007-36E26FE61AEF}.Release|Any CPU.Build.0 = Release|Any CPU
	EndGlobalSection
	GlobalSection(SolutionProperties) = preSolution
		HideSolutionNode = FALSE
	EndGlobalSection
	GlobalSection(ExtensibilityGlobals) = postSolution
		SolutionGuid = {6B03C39F-265F-407B-92A5-15A0CA0609F7}
	EndGlobalSection
EndGlobal
